
Microsoft Visual Studio Solution File, Format Version 12.00
# Visual Studio Version 16
VisualStudioVersion = 16.0.33328.57
MinimumVisualStudioVersion = 10.0.40219.1
Project("{9A19103F-16F7-4668-BE54-9A1E7A4F7556}") = "PeopleApi", "PeopleApi\PeopleApi.csproj", "{7CF35ABA-838D-48AB-BF3C-40E8C00E84D2}"
EndProject
Project("{9A19103F-16F7-4668-BE54-9A1E7A4F7556}") = "PeopleApi.Test", "peopleApi.Test\peopleApi.Test\PeopleApi.Test.csproj", "{9C2E5ADA-A20B-48BD-998E-E1352AF91216}"
EndProject
Global
	GlobalSection(SolutionConfigurationPlatforms) = preSolution
		Debug|Any CPU = Debug|Any CPU
		Release|Any CPU = Release|Any CPU
	EndGlobalSection
	GlobalSection(ProjectConfigurationPlatforms) = postSolution
		{7CF35ABA-838D-48AB-BF3C-40E8C00E84D2}.Debug|Any CPU.ActiveCfg = Debug|Any CPU
		{7CF35ABA-838D-48AB-BF3C-40E8C00E84D2}.Debug|Any CPU.Build.0 = Debug|Any CPU
		{7CF35ABA-838D-48AB-BF3C-40E8C00E84D2}.Release|Any CPU.ActiveCfg = Release|Any CPU
		{7CF35ABA-838D-48AB-BF3C-40E8C00E84D2}.Release|Any CPU.Build.0 = Release|Any CPU
		{9C2E5ADA-A20B-48BD-998E-E1352AF91216}.Debug|Any CPU.ActiveCfg = Debug|Any CPU
		{9C2E5ADA-A20B-48BD-998E-E1352AF91216}.Debug|Any CPU.Build.0 = Debug|Any CPU
		{9C2E5ADA-A20B-48BD-998E-E1352AF91216}.Release|Any CPU.ActiveCfg = Release|Any CPU
		{9C2E5ADA-A20B-48BD-998E-E1352AF91216}.Release|Any CPU.Build.0 = Release|Any CPU
	EndGlobalSection
	GlobalSection(SolutionProperties) = preSolution
		HideSolutionNode = FALSE
	EndGlobalSection
	GlobalSection(ExtensibilityGlobals) = postSolution
		SolutionGuid = {BF41847F-3CCD-4761-AF24-A1E1ACEB52BD}
	EndGlobalSection
EndGlobal
